
Microsoft Visual Studio Solution File, Format Version 12.00
# Visual Studio Version 16
VisualStudioVersion = 16.0.29806.167
MinimumVisualStudioVersion = 10.0.40219.1
Project("{9A19103F-16F7-4668-BE54-9A1E7A4F7556}") = "UpCycling", "UpCycling.csproj", "{D1E28699-1C64-46EB-B9EA-655564DC3C42}"
EndProject
Global
	GlobalSection(SolutionConfigurationPlatforms) = preSolution
		Debug|Any CPU = Debug|Any CPU
		Release|Any CPU = Release|Any CPU
	EndGlobalSection
	GlobalSection(ProjectConfigurationPlatforms) = postSolution
		{D1E28699-1C64-46EB-B9EA-655564DC3C42}.Debug|Any CPU.ActiveCfg = Debug|Any CPU
		{D1E28699-1C64-46EB-B9EA-655564DC3C42}.Debug|Any CPU.Build.0 = Debug|Any CPU
		{D1E28699-1C64-46EB-B9EA-655564DC3C42}.Release|Any CPU.ActiveCfg = Release|Any CPU
		{D1E28699-1C64-46EB-B9EA-655564DC3C42}.Release|Any CPU.Build.0 = Release|Any CPU
	EndGlobalSection
	GlobalSection(SolutionProperties) = preSolution
		HideSolutionNode = FALSE
	EndGlobalSection
	GlobalSection(ExtensibilityGlobals) = postSolution
		SolutionGuid = {E9E1FA57-F84F-42EF-B82A-803B325ECF6B}
	EndGlobalSection
EndGlobal
